
Microsoft Visual Studio Solution File, Format Version 12.00
# Visual Studio Version 17
VisualStudioVersion = 17.5.33516.290
MinimumVisualStudioVersion = 10.0.40219.1
Project("{FAE04EC0-301F-11D3-BF4B-00C04F79EFBC}") = "HospitalManagementSystem", "HospitalManagementSystem\HospitalManagementSystem.csproj", "{AEF9BF1E-D636-49CE-8C32-BCA1BFD3DFF8}"
EndProject
Global
	GlobalSection(SolutionConfigurationPlatforms) = preSolution
		Debug|Any CPU = Debug|Any CPU
		Release|Any CPU = Release|Any CPU
	EndGlobalSection
	GlobalSection(ProjectConfigurationPlatforms) = postSolution
		{AEF9BF1E-D636-49CE-8C32-BCA1BFD3DFF8}.Debug|Any CPU.ActiveCfg = Debug|Any CPU
		{AEF9BF1E-D636-49CE-8C32-BCA1BFD3DFF8}.Debug|Any CPU.Build.0 = Debug|Any CPU
		{AEF9BF1E-D636-49CE-8C32-BCA1BFD3DFF8}.Release|Any CPU.ActiveCfg = Release|Any CPU
		{AEF9BF1E-D636-49CE-8C32-BCA1BFD3DFF8}.Release|Any CPU.Build.0 = Release|Any CPU
	EndGlobalSection
	GlobalSection(SolutionProperties) = preSolution
		HideSolutionNode = FALSE
	EndGlobalSection
	GlobalSection(ExtensibilityGlobals) = postSolution
		SolutionGuid = {E7B21C0B-AE23-4BBB-84DE-4AD3A65928BC}
	EndGlobalSection
EndGlobal
